
Microsoft Visual Studio Solution File, Format Version 12.00
# Visual Studio Version 17
VisualStudioVersion = 17.10.35027.167
MinimumVisualStudioVersion = 10.0.40219.1
Project("{9A19103F-16F7-4668-BE54-9A1E7A4F7556}") = "web-api", "1.Host\web-api.csproj", "{C6FFE1DA-47F0-4261-BFC6-01DB83C403BB}"
EndProject
Project("{2150E333-8FDC-42A3-9474-1A3956D46DE8}") = "1.Host", "1.Host", "{EEA4FFD5-F2C3-4582-A82C-F34CDAE27D27}"
EndProject
Project("{2150E333-8FDC-42A3-9474-1A3956D46DE8}") = "2.Application", "2.Application", "{5C675975-9EA4-4EE0-83ED-C3D2D39BDFA0}"
EndProject
Project("{2150E333-8FDC-42A3-9474-1A3956D46DE8}") = "3.Domain", "3.Domain", "{AA766D35-4ABF-488F-A088-DB5340FF0184}"
EndProject
Project("{2150E333-8FDC-42A3-9474-1A3956D46DE8}") = "4.Infrastructure", "4.Infrastructure", "{49991615-F8AA-4CA7-A04C-025F9F413426}"
EndProject
Project("{2150E333-8FDC-42A3-9474-1A3956D46DE8}") = "5.CrossCutting", "5.CrossCutting", "{BC75FE5F-84A6-4F1A-9CB7-2B3B3F261CE1}"
EndProject
Global
	GlobalSection(SolutionConfigurationPlatforms) = preSolution
		Debug|Any CPU = Debug|Any CPU
		Release|Any CPU = Release|Any CPU
	EndGlobalSection
	GlobalSection(ProjectConfigurationPlatforms) = postSolution
		{C6FFE1DA-47F0-4261-BFC6-01DB83C403BB}.Debug|Any CPU.ActiveCfg = Debug|Any CPU
		{C6FFE1DA-47F0-4261-BFC6-01DB83C403BB}.Debug|Any CPU.Build.0 = Debug|Any CPU
		{C6FFE1DA-47F0-4261-BFC6-01DB83C403BB}.Release|Any CPU.ActiveCfg = Release|Any CPU
		{C6FFE1DA-47F0-4261-BFC6-01DB83C403BB}.Release|Any CPU.Build.0 = Release|Any CPU
	EndGlobalSection
	GlobalSection(SolutionProperties) = preSolution
		HideSolutionNode = FALSE
	EndGlobalSection
	GlobalSection(NestedProjects) = preSolution
		{C6FFE1DA-47F0-4261-BFC6-01DB83C403BB} = {EEA4FFD5-F2C3-4582-A82C-F34CDAE27D27}
	EndGlobalSection
	GlobalSection(ExtensibilityGlobals) = postSolution
		SolutionGuid = {5838ECBB-7D52-4D16-8C24-8F8A76739035}
	EndGlobalSection
EndGlobal
