
Microsoft Visual Studio Solution File, Format Version 12.00
# Visual Studio Version 17
VisualStudioVersion = 17.10.35027.167
MinimumVisualStudioVersion = 10.0.40219.1
Project("{2150E333-8FDC-42A3-9474-1A3956D46DE8}") = "1.Host", "1.Host", "{DBB0D1F1-BD96-4CF8-8CF3-F25AB5793410}"
EndProject
Project("{2150E333-8FDC-42A3-9474-1A3956D46DE8}") = "2.Application", "2.Application", "{D9B40AF0-3F25-411D-A514-E04687DA4834}"
EndProject
Project("{2150E333-8FDC-42A3-9474-1A3956D46DE8}") = "3.Domain", "3.Domain", "{1183E317-3E86-4F11-B95B-C54194726155}"
EndProject
Project("{2150E333-8FDC-42A3-9474-1A3956D46DE8}") = "4.Infrastructure", "4.Infrastructure", "{4101AB13-16A4-435A-9EFC-56E995009F04}"
EndProject
Project("{2150E333-8FDC-42A3-9474-1A3956D46DE8}") = "5.CrossCutting", "5.CrossCutting", "{EFB38CA6-1889-4CBD-B4F2-29F5D4DC574F}"
EndProject
Project("{9A19103F-16F7-4668-BE54-9A1E7A4F7556}") = "Domain.DbFirst.Entities", "src\3.Domain\Domain.DbFirst.Entities.csproj", "{7C4B490A-715D-4D87-BA0A-725EAC85BDB2}"
EndProject
Project("{9A19103F-16F7-4668-BE54-9A1E7A4F7556}") = "Infrastructure", "src\4.Infrastructure\Infrastructure.csproj", "{0CFDF14A-CCF3-4C38-8BE0-7D434AA2B80D}"
EndProject
Project("{E53339B2-1760-4266-BCC7-CA923CBCF16C}") = "docker-compose", "docker-compose.dcproj", "{9DD9385F-2CB0-4576-9115-894A18089898}"
EndProject
Project("{9A19103F-16F7-4668-BE54-9A1E7A4F7556}") = "Application", "src\2.Application\Application.csproj", "{1AE9FB93-AAD3-4833-99DD-D276891EE70A}"
EndProject
Project("{9A19103F-16F7-4668-BE54-9A1E7A4F7556}") = "Api", "src\1.Host\Api.csproj", "{6AE9B51A-9A32-4BFB-AA6D-8D593470A97B}"
EndProject
Project("{2150E333-8FDC-42A3-9474-1A3956D46DE8}") = "Tests", "Tests", "{68B8FDFA-1BCB-4087-9728-09DB5AE0FE0F}"
EndProject
Project("{2150E333-8FDC-42A3-9474-1A3956D46DE8}") = "Src", "Src", "{F4639036-D26A-49F1-BF53-227375CD7519}"
EndProject
Project("{FAE04EC0-301F-11D3-BF4B-00C04F79EFBC}") = "WebApi.Application.IntegrationTests", "tests\WebApi.Application.IntegrationTests\WebApi.Application.IntegrationTests.csproj", "{D0BE6BF4-694F-49AE-93EE-BECF073498AA}"
EndProject
Global
	GlobalSection(SolutionConfigurationPlatforms) = preSolution
		Debug|Any CPU = Debug|Any CPU
		Release|Any CPU = Release|Any CPU
	EndGlobalSection
	GlobalSection(ProjectConfigurationPlatforms) = postSolution
		{7C4B490A-715D-4D87-BA0A-725EAC85BDB2}.Debug|Any CPU.ActiveCfg = Debug|Any CPU
		{7C4B490A-715D-4D87-BA0A-725EAC85BDB2}.Debug|Any CPU.Build.0 = Debug|Any CPU
		{7C4B490A-715D-4D87-BA0A-725EAC85BDB2}.Release|Any CPU.ActiveCfg = Release|Any CPU
		{7C4B490A-715D-4D87-BA0A-725EAC85BDB2}.Release|Any CPU.Build.0 = Release|Any CPU
		{0CFDF14A-CCF3-4C38-8BE0-7D434AA2B80D}.Debug|Any CPU.ActiveCfg = Debug|Any CPU
		{0CFDF14A-CCF3-4C38-8BE0-7D434AA2B80D}.Debug|Any CPU.Build.0 = Debug|Any CPU
		{0CFDF14A-CCF3-4C38-8BE0-7D434AA2B80D}.Release|Any CPU.ActiveCfg = Release|Any CPU
		{0CFDF14A-CCF3-4C38-8BE0-7D434AA2B80D}.Release|Any CPU.Build.0 = Release|Any CPU
		{9DD9385F-2CB0-4576-9115-894A18089898}.Debug|Any CPU.ActiveCfg = Debug|Any CPU
		{9DD9385F-2CB0-4576-9115-894A18089898}.Debug|Any CPU.Build.0 = Debug|Any CPU
		{9DD9385F-2CB0-4576-9115-894A18089898}.Release|Any CPU.ActiveCfg = Release|Any CPU
		{9DD9385F-2CB0-4576-9115-894A18089898}.Release|Any CPU.Build.0 = Release|Any CPU
		{1AE9FB93-AAD3-4833-99DD-D276891EE70A}.Debug|Any CPU.ActiveCfg = Debug|Any CPU
		{1AE9FB93-AAD3-4833-99DD-D276891EE70A}.Debug|Any CPU.Build.0 = Debug|Any CPU
		{1AE9FB93-AAD3-4833-99DD-D276891EE70A}.Release|Any CPU.ActiveCfg = Release|Any CPU
		{1AE9FB93-AAD3-4833-99DD-D276891EE70A}.Release|Any CPU.Build.0 = Release|Any CPU
		{6AE9B51A-9A32-4BFB-AA6D-8D593470A97B}.Debug|Any CPU.ActiveCfg = Debug|Any CPU
		{6AE9B51A-9A32-4BFB-AA6D-8D593470A97B}.Debug|Any CPU.Build.0 = Debug|Any CPU
		{6AE9B51A-9A32-4BFB-AA6D-8D593470A97B}.Release|Any CPU.ActiveCfg = Release|Any CPU
		{6AE9B51A-9A32-4BFB-AA6D-8D593470A97B}.Release|Any CPU.Build.0 = Release|Any CPU
		{D0BE6BF4-694F-49AE-93EE-BECF073498AA}.Debug|Any CPU.ActiveCfg = Debug|Any CPU
		{D0BE6BF4-694F-49AE-93EE-BECF073498AA}.Debug|Any CPU.Build.0 = Debug|Any CPU
		{D0BE6BF4-694F-49AE-93EE-BECF073498AA}.Release|Any CPU.ActiveCfg = Release|Any CPU
		{D0BE6BF4-694F-49AE-93EE-BECF073498AA}.Release|Any CPU.Build.0 = Release|Any CPU
	EndGlobalSection
	GlobalSection(SolutionProperties) = preSolution
		HideSolutionNode = FALSE
	EndGlobalSection
	GlobalSection(NestedProjects) = preSolution
		{DBB0D1F1-BD96-4CF8-8CF3-F25AB5793410} = {F4639036-D26A-49F1-BF53-227375CD7519}
		{D9B40AF0-3F25-411D-A514-E04687DA4834} = {F4639036-D26A-49F1-BF53-227375CD7519}
		{1183E317-3E86-4F11-B95B-C54194726155} = {F4639036-D26A-49F1-BF53-227375CD7519}
		{4101AB13-16A4-435A-9EFC-56E995009F04} = {F4639036-D26A-49F1-BF53-227375CD7519}
		{EFB38CA6-1889-4CBD-B4F2-29F5D4DC574F} = {F4639036-D26A-49F1-BF53-227375CD7519}
		{7C4B490A-715D-4D87-BA0A-725EAC85BDB2} = {1183E317-3E86-4F11-B95B-C54194726155}
		{0CFDF14A-CCF3-4C38-8BE0-7D434AA2B80D} = {4101AB13-16A4-435A-9EFC-56E995009F04}
		{1AE9FB93-AAD3-4833-99DD-D276891EE70A} = {D9B40AF0-3F25-411D-A514-E04687DA4834}
		{6AE9B51A-9A32-4BFB-AA6D-8D593470A97B} = {DBB0D1F1-BD96-4CF8-8CF3-F25AB5793410}
		{D0BE6BF4-694F-49AE-93EE-BECF073498AA} = {68B8FDFA-1BCB-4087-9728-09DB5AE0FE0F}
	EndGlobalSection
	GlobalSection(ExtensibilityGlobals) = postSolution
		SolutionGuid = {9D117F10-4850-4C26-83E8-0DDD27F55E9D}
	EndGlobalSection
EndGlobal
